
Microsoft Visual Studio Solution File, Format Version 12.00
# Visual Studio Version 16
VisualStudioVersion = 16.0.31624.102
MinimumVisualStudioVersion = 10.0.40219.1
Project("{FAE04EC0-301F-11D3-BF4B-00C04F79EFBC}") = "00_Intro", "00_Intro\00_Intro.csproj", "{7CC4BBEA-B1C4-45E3-98DE-CE098179BE0D}"
EndProject
Project("{FAE04EC0-301F-11D3-BF4B-00C04F79EFBC}") = "01_ValueTypes", "01_ValueTypes\01_ValueTypes.csproj", "{EAA0F1BB-DBB1-4DF4-AC1F-8BAAE1CC2D1A}"
EndProject
Project("{FAE04EC0-301F-11D3-BF4B-00C04F79EFBC}") = "02_ReferenceTypes", "02_RefrenceTypes\02_ReferenceTypes.csproj", "{E507B6C0-8C10-4B7C-9E7C-2D68042690F2}"
EndProject
Project("{FAE04EC0-301F-11D3-BF4B-00C04F79EFBC}") = "03_Operators", "03_Operators\03_Operators.csproj", "{39B2E942-6A37-4145-ABE1-46023FEB62C7}"
EndProject
Project("{FAE04EC0-301F-11D3-BF4B-00C04F79EFBC}") = "04_ifElseStatements", "04_ifElseStatements\04_ifElseStatements.csproj", "{30AB98C5-7CD9-4E5A-970F-A045A9DDD2D2}"
EndProject
Project("{FAE04EC0-301F-11D3-BF4B-00C04F79EFBC}") = "04_Tenaries", "04_Tenaries\04_Tenaries.csproj", "{727A32E2-716C-40E2-9EDB-5C580C4FE92A}"
EndProject
Project("{FAE04EC0-301F-11D3-BF4B-00C04F79EFBC}") = "07_ClassesConsole", "07_ClassesConsole\07_ClassesConsole.csproj", "{611A4074-A978-43D8-BBC4-F3B684523E85}"
EndProject
Project("{FAE04EC0-301F-11D3-BF4B-00C04F79EFBC}") = "07_Classes", "07_Classes(updated)\07_Classes.csproj", "{7BF69C6D-4094-4AEB-9D9D-922F891AF567}"
EndProject
Project("{FAE04EC0-301F-11D3-BF4B-00C04F79EFBC}") = "07_ClassesTest", "07_ClassesTest\07_ClassesTest.csproj", "{7BF40AC9-E1EB-4F3F-A927-785BBEDFCF25}"
EndProject
Project("{FAE04EC0-301F-11D3-BF4B-00C04F79EFBC}") = "08_RepositoryPattern_Console", "08_StreamingContent\08_RepositoryPattern_Console.csproj", "{165CBA65-9C9A-4772-80E3-0EBF6B5019AD}"
EndProject
Project("{FAE04EC0-301F-11D3-BF4B-00C04F79EFBC}") = "08_RepositoryPattern_Repo", "08_RepositoryPattern_Repo\08_RepositoryPattern_Repo.csproj", "{48C292AD-EE66-4995-A2F9-F6431B82F86F}"
EndProject
Project("{FAE04EC0-301F-11D3-BF4B-00C04F79EFBC}") = "09_CollectionsConsole", "09_Containers\09_CollectionsConsole.csproj", "{B1C79C72-9E06-4B3D-829F-6616E5AFCA3E}"
EndProject
Project("{FAE04EC0-301F-11D3-BF4B-00C04F79EFBC}") = "09_Inheritance_ClassLibrary", "09_Inheritance_ClassLibrary\09_Inheritance_ClassLibrary.csproj", "{E3B51C68-9997-4EC5-B89F-2B8C6B661898}"
EndProject
Project("{FAE04EC0-301F-11D3-BF4B-00C04F79EFBC}") = "09_InheritanceTest", "09_InheritanceTest\09_InheritanceTest.csproj", "{EB7A51D8-8C4A-4991-9F2B-3D3A64B66BAD}"
EndProject
Project("{FAE04EC0-301F-11D3-BF4B-00C04F79EFBC}") = "09_InheritanceConsole", "09_InheritanceConsole\09_InheritanceConsole.csproj", "{E8CADD4D-7F5D-4D07-9B45-92A24B1E0D0B}"
EndProject
Project("{FAE04EC0-301F-11D3-BF4B-00C04F79EFBC}") = "09_StreamingInheritance", "09_StreamingInheritance\09_StreamingInheritance.csproj", "{BE8F9095-A462-4E72-A72D-B7539057A3D6}"
EndProject
Project("{FAE04EC0-301F-11D3-BF4B-00C04F79EFBC}") = "10_InterfacesConsole_Part1", "10_InterfacesConsole_Part1\10_InterfacesConsole_Part1.csproj", "{8A60FB73-C28D-408F-91D3-F58E4D5AD792}"
EndProject
Project("{FAE04EC0-301F-11D3-BF4B-00C04F79EFBC}") = "10_InterfacesConsole_Part2", "10_InterfacesConsole_Part2\10_InterfacesConsole_Part2.csproj", "{DADFEC9E-8E87-4366-A50D-01C91388657C}"
EndProject
Project("{FAE04EC0-301F-11D3-BF4B-00C04F79EFBC}") = "10_QuizQuestion", "10_QuizQuestion\10_QuizQuestion.csproj", "{71720E04-ED63-43A2-825F-D93F17909020}"
EndProject
Global
	GlobalSection(SolutionConfigurationPlatforms) = preSolution
		Debug|Any CPU = Debug|Any CPU
		Release|Any CPU = Release|Any CPU
	EndGlobalSection
	GlobalSection(ProjectConfigurationPlatforms) = postSolution
		{7CC4BBEA-B1C4-45E3-98DE-CE098179BE0D}.Debug|Any CPU.ActiveCfg = Debug|Any CPU
		{7CC4BBEA-B1C4-45E3-98DE-CE098179BE0D}.Debug|Any CPU.Build.0 = Debug|Any CPU
		{7CC4BBEA-B1C4-45E3-98DE-CE098179BE0D}.Release|Any CPU.ActiveCfg = Release|Any CPU
		{7CC4BBEA-B1C4-45E3-98DE-CE098179BE0D}.Release|Any CPU.Build.0 = Release|Any CPU
		{EAA0F1BB-DBB1-4DF4-AC1F-8BAAE1CC2D1A}.Debug|Any CPU.ActiveCfg = Debug|Any CPU
		{EAA0F1BB-DBB1-4DF4-AC1F-8BAAE1CC2D1A}.Debug|Any CPU.Build.0 = Debug|Any CPU
		{EAA0F1BB-DBB1-4DF4-AC1F-8BAAE1CC2D1A}.Release|Any CPU.ActiveCfg = Release|Any CPU
		{EAA0F1BB-DBB1-4DF4-AC1F-8BAAE1CC2D1A}.Release|Any CPU.Build.0 = Release|Any CPU
		{E507B6C0-8C10-4B7C-9E7C-2D68042690F2}.Debug|Any CPU.ActiveCfg = Debug|Any CPU
		{E507B6C0-8C10-4B7C-9E7C-2D68042690F2}.Debug|Any CPU.Build.0 = Debug|Any CPU
		{E507B6C0-8C10-4B7C-9E7C-2D68042690F2}.Release|Any CPU.ActiveCfg = Release|Any CPU
		{E507B6C0-8C10-4B7C-9E7C-2D68042690F2}.Release|Any CPU.Build.0 = Release|Any CPU
		{39B2E942-6A37-4145-ABE1-46023FEB62C7}.Debug|Any CPU.ActiveCfg = Debug|Any CPU
		{39B2E942-6A37-4145-ABE1-46023FEB62C7}.Debug|Any CPU.Build.0 = Debug|Any CPU
		{39B2E942-6A37-4145-ABE1-46023FEB62C7}.Release|Any CPU.ActiveCfg = Release|Any CPU
		{39B2E942-6A37-4145-ABE1-46023FEB62C7}.Release|Any CPU.Build.0 = Release|Any CPU
		{30AB98C5-7CD9-4E5A-970F-A045A9DDD2D2}.Debug|Any CPU.ActiveCfg = Debug|Any CPU
		{30AB98C5-7CD9-4E5A-970F-A045A9DDD2D2}.Debug|Any CPU.Build.0 = Debug|Any CPU
		{30AB98C5-7CD9-4E5A-970F-A045A9DDD2D2}.Release|Any CPU.ActiveCfg = Release|Any CPU
		{30AB98C5-7CD9-4E5A-970F-A045A9DDD2D2}.Release|Any CPU.Build.0 = Release|Any CPU
		{727A32E2-716C-40E2-9EDB-5C580C4FE92A}.Debug|Any CPU.ActiveCfg = Debug|Any CPU
		{727A32E2-716C-40E2-9EDB-5C580C4FE92A}.Debug|Any CPU.Build.0 = Debug|Any CPU
		{727A32E2-716C-40E2-9EDB-5C580C4FE92A}.Release|Any CPU.ActiveCfg = Release|Any CPU
		{727A32E2-716C-40E2-9EDB-5C580C4FE92A}.Release|Any CPU.Build.0 = Release|Any CPU
		{611A4074-A978-43D8-BBC4-F3B684523E85}.Debug|Any CPU.ActiveCfg = Debug|Any CPU
		{611A4074-A978-43D8-BBC4-F3B684523E85}.Debug|Any CPU.Build.0 = Debug|Any CPU
		{611A4074-A978-43D8-BBC4-F3B684523E85}.Release|Any CPU.ActiveCfg = Release|Any CPU
		{611A4074-A978-43D8-BBC4-F3B684523E85}.Release|Any CPU.Build.0 = Release|Any CPU
		{7BF69C6D-4094-4AEB-9D9D-922F891AF567}.Debug|Any CPU.ActiveCfg = Debug|Any CPU
		{7BF69C6D-4094-4AEB-9D9D-922F891AF567}.Debug|Any CPU.Build.0 = Debug|Any CPU
		{7BF69C6D-4094-4AEB-9D9D-922F891AF567}.Release|Any CPU.ActiveCfg = Release|Any CPU
		{7BF69C6D-4094-4AEB-9D9D-922F891AF567}.Release|Any CPU.Build.0 = Release|Any CPU
		{7BF40AC9-E1EB-4F3F-A927-785BBEDFCF25}.Debug|Any CPU.ActiveCfg = Debug|Any CPU
		{7BF40AC9-E1EB-4F3F-A927-785BBEDFCF25}.Debug|Any CPU.Build.0 = Debug|Any CPU
		{7BF40AC9-E1EB-4F3F-A927-785BBEDFCF25}.Release|Any CPU.ActiveCfg = Release|Any CPU
		{7BF40AC9-E1EB-4F3F-A927-785BBEDFCF25}.Release|Any CPU.Build.0 = Release|Any CPU
		{165CBA65-9C9A-4772-80E3-0EBF6B5019AD}.Debug|Any CPU.ActiveCfg = Debug|Any CPU
		{165CBA65-9C9A-4772-80E3-0EBF6B5019AD}.Debug|Any CPU.Build.0 = Debug|Any CPU
		{165CBA65-9C9A-4772-80E3-0EBF6B5019AD}.Release|Any CPU.ActiveCfg = Release|Any CPU
		{165CBA65-9C9A-4772-80E3-0EBF6B5019AD}.Release|Any CPU.Build.0 = Release|Any CPU
		{48C292AD-EE66-4995-A2F9-F6431B82F86F}.Debug|Any CPU.ActiveCfg = Debug|Any CPU
		{48C292AD-EE66-4995-A2F9-F6431B82F86F}.Debug|Any CPU.Build.0 = Debug|Any CPU
		{48C292AD-EE66-4995-A2F9-F6431B82F86F}.Release|Any CPU.ActiveCfg = Release|Any CPU
		{48C292AD-EE66-4995-A2F9-F6431B82F86F}.Release|Any CPU.Build.0 = Release|Any CPU
		{B1C79C72-9E06-4B3D-829F-6616E5AFCA3E}.Debug|Any CPU.ActiveCfg = Debug|Any CPU
		{B1C79C72-9E06-4B3D-829F-6616E5AFCA3E}.Debug|Any CPU.Build.0 = Debug|Any CPU
		{B1C79C72-9E06-4B3D-829F-6616E5AFCA3E}.Release|Any CPU.ActiveCfg = Release|Any CPU
		{B1C79C72-9E06-4B3D-829F-6616E5AFCA3E}.Release|Any CPU.Build.0 = Release|Any CPU
		{E3B51C68-9997-4EC5-B89F-2B8C6B661898}.Debug|Any CPU.ActiveCfg = Debug|Any CPU
		{E3B51C68-9997-4EC5-B89F-2B8C6B661898}.Debug|Any CPU.Build.0 = Debug|Any CPU
		{E3B51C68-9997-4EC5-B89F-2B8C6B661898}.Release|Any CPU.ActiveCfg = Release|Any CPU
		{E3B51C68-9997-4EC5-B89F-2B8C6B661898}.Release|Any CPU.Build.0 = Release|Any CPU
		{EB7A51D8-8C4A-4991-9F2B-3D3A64B66BAD}.Debug|Any CPU.ActiveCfg = Debug|Any CPU
		{EB7A51D8-8C4A-4991-9F2B-3D3A64B66BAD}.Debug|Any CPU.Build.0 = Debug|Any CPU
		{EB7A51D8-8C4A-4991-9F2B-3D3A64B66BAD}.Release|Any CPU.ActiveCfg = Release|Any CPU
		{EB7A51D8-8C4A-4991-9F2B-3D3A64B66BAD}.Release|Any CPU.Build.0 = Release|Any CPU
		{E8CADD4D-7F5D-4D07-9B45-92A24B1E0D0B}.Debug|Any CPU.ActiveCfg = Debug|Any CPU
		{E8CADD4D-7F5D-4D07-9B45-92A24B1E0D0B}.Debug|Any CPU.Build.0 = Debug|Any CPU
		{E8CADD4D-7F5D-4D07-9B45-92A24B1E0D0B}.Release|Any CPU.ActiveCfg = Release|Any CPU
		{E8CADD4D-7F5D-4D07-9B45-92A24B1E0D0B}.Release|Any CPU.Build.0 = Release|Any CPU
		{BE8F9095-A462-4E72-A72D-B7539057A3D6}.Debug|Any CPU.ActiveCfg = Debug|Any CPU
		{BE8F9095-A462-4E72-A72D-B7539057A3D6}.Debug|Any CPU.Build.0 = Debug|Any CPU
		{BE8F9095-A462-4E72-A72D-B7539057A3D6}.Release|Any CPU.ActiveCfg = Release|Any CPU
		{BE8F9095-A462-4E72-A72D-B7539057A3D6}.Release|Any CPU.Build.0 = Release|Any CPU
		{8A60FB73-C28D-408F-91D3-F58E4D5AD792}.Debug|Any CPU.ActiveCfg = Debug|Any CPU
		{8A60FB73-C28D-408F-91D3-F58E4D5AD792}.Debug|Any CPU.Build.0 = Debug|Any CPU
		{8A60FB73-C28D-408F-91D3-F58E4D5AD792}.Release|Any CPU.ActiveCfg = Release|Any CPU
		{8A60FB73-C28D-408F-91D3-F58E4D5AD792}.Release|Any CPU.Build.0 = Release|Any CPU
		{DADFEC9E-8E87-4366-A50D-01C91388657C}.Debug|Any CPU.ActiveCfg = Debug|Any CPU
		{DADFEC9E-8E87-4366-A50D-01C91388657C}.Debug|Any CPU.Build.0 = Debug|Any CPU
		{DADFEC9E-8E87-4366-A50D-01C91388657C}.Release|Any CPU.ActiveCfg = Release|Any CPU
		{DADFEC9E-8E87-4366-A50D-01C91388657C}.Release|Any CPU.Build.0 = Release|Any CPU
		{71720E04-ED63-43A2-825F-D93F17909020}.Debug|Any CPU.ActiveCfg = Debug|Any CPU
		{71720E04-ED63-43A2-825F-D93F17909020}.Debug|Any CPU.Build.0 = Debug|Any CPU
		{71720E04-ED63-43A2-825F-D93F17909020}.Release|Any CPU.ActiveCfg = Release|Any CPU
		{71720E04-ED63-43A2-825F-D93F17909020}.Release|Any CPU.Build.0 = Release|Any CPU
	EndGlobalSection
	GlobalSection(SolutionProperties) = preSolution
		HideSolutionNode = FALSE
	EndGlobalSection
	GlobalSection(ExtensibilityGlobals) = postSolution
		SolutionGuid = {32EC0999-6E37-4A44-8C83-65CAA0DC7395}
	EndGlobalSection
EndGlobal
